
Microsoft Visual Studio Solution File, Format Version 12.00
# Visual Studio Version 17
VisualStudioVersion = 17.0.31903.59
MinimumVisualStudioVersion = 10.0.40219.1
Project("{FAE04EC0-301F-11D3-BF4B-00C04F79EFBC}") = "Ludo.Backend", "Ludo.Backend\Ludo.Backend.csproj", "{25960E81-B3D2-4BB8-9DEC-40212ED374D6}"
EndProject
Project("{FAE04EC0-301F-11D3-BF4B-00C04F79EFBC}") = "Ludo", "Ludo\Ludo.csproj", "{5D9E7394-2A0B-4867-A243-A7224F7789DE}"
EndProject
Project("{FAE04EC0-301F-11D3-BF4B-00C04F79EFBC}") = "Ludo.UI", "Ludo.UI\Ludo.UI.csproj", "{636CA6A6-BFFB-4A57-B3E9-BC612B7BD25C}"
EndProject
Project("{FAE04EC0-301F-11D3-BF4B-00C04F79EFBC}") = "Ludo.Tests", "Ludo.Tests\Ludo.Tests.csproj", "{C4BE7719-81B5-4C41-BFDD-171A58642BA0}"
EndProject
Global
	GlobalSection(SolutionConfigurationPlatforms) = preSolution
		Debug|Any CPU = Debug|Any CPU
		Debug|x64 = Debug|x64
		Debug|x86 = Debug|x86
		Release|Any CPU = Release|Any CPU
		Release|x64 = Release|x64
		Release|x86 = Release|x86
	EndGlobalSection
	GlobalSection(ProjectConfigurationPlatforms) = postSolution
		{25960E81-B3D2-4BB8-9DEC-40212ED374D6}.Debug|Any CPU.ActiveCfg = Debug|Any CPU
		{25960E81-B3D2-4BB8-9DEC-40212ED374D6}.Debug|Any CPU.Build.0 = Debug|Any CPU
		{25960E81-B3D2-4BB8-9DEC-40212ED374D6}.Debug|x64.ActiveCfg = Debug|Any CPU
		{25960E81-B3D2-4BB8-9DEC-40212ED374D6}.Debug|x64.Build.0 = Debug|Any CPU
		{25960E81-B3D2-4BB8-9DEC-40212ED374D6}.Debug|x86.ActiveCfg = Debug|Any CPU
		{25960E81-B3D2-4BB8-9DEC-40212ED374D6}.Debug|x86.Build.0 = Debug|Any CPU
		{25960E81-B3D2-4BB8-9DEC-40212ED374D6}.Release|Any CPU.ActiveCfg = Release|Any CPU
		{25960E81-B3D2-4BB8-9DEC-40212ED374D6}.Release|Any CPU.Build.0 = Release|Any CPU
		{25960E81-B3D2-4BB8-9DEC-40212ED374D6}.Release|x64.ActiveCfg = Release|Any CPU
		{25960E81-B3D2-4BB8-9DEC-40212ED374D6}.Release|x64.Build.0 = Release|Any CPU
		{25960E81-B3D2-4BB8-9DEC-40212ED374D6}.Release|x86.ActiveCfg = Release|Any CPU
		{25960E81-B3D2-4BB8-9DEC-40212ED374D6}.Release|x86.Build.0 = Release|Any CPU
		{5D9E7394-2A0B-4867-A243-A7224F7789DE}.Debug|Any CPU.ActiveCfg = Debug|Any CPU
		{5D9E7394-2A0B-4867-A243-A7224F7789DE}.Debug|Any CPU.Build.0 = Debug|Any CPU
		{5D9E7394-2A0B-4867-A243-A7224F7789DE}.Debug|x64.ActiveCfg = Debug|Any CPU
		{5D9E7394-2A0B-4867-A243-A7224F7789DE}.Debug|x64.Build.0 = Debug|Any CPU
		{5D9E7394-2A0B-4867-A243-A7224F7789DE}.Debug|x86.ActiveCfg = Debug|Any CPU
		{5D9E7394-2A0B-4867-A243-A7224F7789DE}.Debug|x86.Build.0 = Debug|Any CPU
		{5D9E7394-2A0B-4867-A243-A7224F7789DE}.Release|Any CPU.ActiveCfg = Release|Any CPU
		{5D9E7394-2A0B-4867-A243-A7224F7789DE}.Release|Any CPU.Build.0 = Release|Any CPU
		{5D9E7394-2A0B-4867-A243-A7224F7789DE}.Release|x64.ActiveCfg = Release|Any CPU
		{5D9E7394-2A0B-4867-A243-A7224F7789DE}.Release|x64.Build.0 = Release|Any CPU
		{5D9E7394-2A0B-4867-A243-A7224F7789DE}.Release|x86.ActiveCfg = Release|Any CPU
		{5D9E7394-2A0B-4867-A243-A7224F7789DE}.Release|x86.Build.0 = Release|Any CPU
		{636CA6A6-BFFB-4A57-B3E9-BC612B7BD25C}.Debug|Any CPU.ActiveCfg = Debug|Any CPU
		{636CA6A6-BFFB-4A57-B3E9-BC612B7BD25C}.Debug|Any CPU.Build.0 = Debug|Any CPU
		{636CA6A6-BFFB-4A57-B3E9-BC612B7BD25C}.Debug|x64.ActiveCfg = Debug|Any CPU
		{636CA6A6-BFFB-4A57-B3E9-BC612B7BD25C}.Debug|x64.Build.0 = Debug|Any CPU
		{636CA6A6-BFFB-4A57-B3E9-BC612B7BD25C}.Debug|x86.ActiveCfg = Debug|Any CPU
		{636CA6A6-BFFB-4A57-B3E9-BC612B7BD25C}.Debug|x86.Build.0 = Debug|Any CPU
		{636CA6A6-BFFB-4A57-B3E9-BC612B7BD25C}.Release|Any CPU.ActiveCfg = Release|Any CPU
		{636CA6A6-BFFB-4A57-B3E9-BC612B7BD25C}.Release|Any CPU.Build.0 = Release|Any CPU
		{636CA6A6-BFFB-4A57-B3E9-BC612B7BD25C}.Release|x64.ActiveCfg = Release|Any CPU
		{636CA6A6-BFFB-4A57-B3E9-BC612B7BD25C}.Release|x64.Build.0 = Release|Any CPU
		{636CA6A6-BFFB-4A57-B3E9-BC612B7BD25C}.Release|x86.ActiveCfg = Release|Any CPU
		{636CA6A6-BFFB-4A57-B3E9-BC612B7BD25C}.Release|x86.Build.0 = Release|Any CPU
		{C4BE7719-81B5-4C41-BFDD-171A58642BA0}.Debug|Any CPU.ActiveCfg = Debug|Any CPU
		{C4BE7719-81B5-4C41-BFDD-171A58642BA0}.Debug|Any CPU.Build.0 = Debug|Any CPU
		{C4BE7719-81B5-4C41-BFDD-171A58642BA0}.Debug|x64.ActiveCfg = Debug|Any CPU
		{C4BE7719-81B5-4C41-BFDD-171A58642BA0}.Debug|x64.Build.0 = Debug|Any CPU
		{C4BE7719-81B5-4C41-BFDD-171A58642BA0}.Debug|x86.ActiveCfg = Debug|Any CPU
		{C4BE7719-81B5-4C41-BFDD-171A58642BA0}.Debug|x86.Build.0 = Debug|Any CPU
		{C4BE7719-81B5-4C41-BFDD-171A58642BA0}.Release|Any CPU.ActiveCfg = Release|Any CPU
		{C4BE7719-81B5-4C41-BFDD-171A58642BA0}.Release|Any CPU.Build.0 = Release|Any CPU
		{C4BE7719-81B5-4C41-BFDD-171A58642BA0}.Release|x64.ActiveCfg = Release|Any CPU
		{C4BE7719-81B5-4C41-BFDD-171A58642BA0}.Release|x64.Build.0 = Release|Any CPU
		{C4BE7719-81B5-4C41-BFDD-171A58642BA0}.Release|x86.ActiveCfg = Release|Any CPU
		{C4BE7719-81B5-4C41-BFDD-171A58642BA0}.Release|x86.Build.0 = Release|Any CPU
	EndGlobalSection
	GlobalSection(SolutionProperties) = preSolution
		HideSolutionNode = FALSE
	EndGlobalSection
EndGlobal
